// !$*UTF8*$!
{
	archiveVersion = 1;
	classes = {
	};
	objectVersion = 46;
	objects = {

/* Begin PBXBuildFile section */
		2EF1AB1AD48FE469D0D69E7D /* libPods-LocalCommerce.a in Frameworks */ = {isa = PBXBuildFile; fileRef = DDAECDFA06305EE598C75EFB /* libPods-LocalCommerce.a */; };
		3FB283551F0EC86F007C614A /* ServicerController.swift in Sources */ = {isa = PBXBuildFile; fileRef = 3FB283541F0EC86F007C614A /* ServicerController.swift */; };
		3FB283571F0ECCB5007C614A /* Filter.storyboard in Resources */ = {isa = PBXBuildFile; fileRef = 3FB283561F0ECCB5007C614A /* Filter.storyboard */; };
		3FFBA8FE1F154D7D005A315D /* NewBudget.storyboard in Resources */ = {isa = PBXBuildFile; fileRef = 3FFBA8FD1F154D7D005A315D /* NewBudget.storyboard */; };
		3FFBA9001F155D98005A315D /* NewBudgetViewController.swift in Sources */ = {isa = PBXBuildFile; fileRef = 3FFBA8FF1F155D98005A315D /* NewBudgetViewController.swift */; };
		A91341B41F057E6B00B21EEA /* ServicerCollectionViewCell.swift in Sources */ = {isa = PBXBuildFile; fileRef = A91341B31F057E6B00B21EEA /* ServicerCollectionViewCell.swift */; };
		A91341B61F0EAC1600B21EEA /* SearchFilterViewController.swift in Sources */ = {isa = PBXBuildFile; fileRef = A91341B51F0EAC1600B21EEA /* SearchFilterViewController.swift */; };
		A91341D91F16A91700B21EEA /* DistanceTableViewCell.swift in Sources */ = {isa = PBXBuildFile; fileRef = A91341D81F16A91700B21EEA /* DistanceTableViewCell.swift */; };
		A91341DB1F16A93B00B21EEA /* RatingTableViewCell.swift in Sources */ = {isa = PBXBuildFile; fileRef = A91341DA1F16A93B00B21EEA /* RatingTableViewCell.swift */; };
		A935D19E1F042D3000510B0A /* ServicerTableViewCell.swift in Sources */ = {isa = PBXBuildFile; fileRef = A935D19D1F042D3000510B0A /* ServicerTableViewCell.swift */; };
		A953163A1F16B01E000CB0B3 /* CategoryFilterTableViewCell.swift in Sources */ = {isa = PBXBuildFile; fileRef = A95316391F16B01E000CB0B3 /* CategoryFilterTableViewCell.swift */; };
		A953163C1F16B1A9000CB0B3 /* LocalTableViewCell.swift in Sources */ = {isa = PBXBuildFile; fileRef = A953163B1F16B1A9000CB0B3 /* LocalTableViewCell.swift */; };
		A953163E1F1933FB000CB0B3 /* FilterCategory.storyboard in Resources */ = {isa = PBXBuildFile; fileRef = A953163D1F1933FB000CB0B3 /* FilterCategory.storyboard */; };
		A95316401F193647000CB0B3 /* FilterCategoryViewController.swift in Sources */ = {isa = PBXBuildFile; fileRef = A953163F1F193647000CB0B3 /* FilterCategoryViewController.swift */; };
		D22409DA1F0409E7006848A0 /* Servicer.swift in Sources */ = {isa = PBXBuildFile; fileRef = D22409D91F0409E7006848A0 /* Servicer.swift */; };
		D22409DC1F040BE6006848A0 /* User.swift in Sources */ = {isa = PBXBuildFile; fileRef = D22409DB1F040BE6006848A0 /* User.swift */; };
		D22409DE1F040C34006848A0 /* Review.swift in Sources */ = {isa = PBXBuildFile; fileRef = D22409DD1F040C34006848A0 /* Review.swift */; };
		D22409E01F040C64006848A0 /* Category.swift in Sources */ = {isa = PBXBuildFile; fileRef = D22409DF1F040C64006848A0 /* Category.swift */; };
		D22E77921F0AAB290009DD4E /* Budget.swift in Sources */ = {isa = PBXBuildFile; fileRef = D22E77911F0AAB290009DD4E /* Budget.swift */; };
		D22E77941F0AAB980009DD4E /* EstablishmentServicer.swift in Sources */ = {isa = PBXBuildFile; fileRef = D22E77931F0AAB980009DD4E /* EstablishmentServicer.swift */; };
		D22E77961F0AABE70009DD4E /* NonEstablishmentServicer.swift in Sources */ = {isa = PBXBuildFile; fileRef = D22E77951F0AABE70009DD4E /* NonEstablishmentServicer.swift */; };
		D22E77981F0AB7110009DD4E /* Service.swift in Sources */ = {isa = PBXBuildFile; fileRef = D22E77971F0AB7110009DD4E /* Service.swift */; };
		D22E779A1F0AB8690009DD4E /* BudgetMessage.swift in Sources */ = {isa = PBXBuildFile; fileRef = D22E77991F0AB8690009DD4E /* BudgetMessage.swift */; };
		D239EABB1F12F1DF003C6BEC /* RatingView.swift in Sources */ = {isa = PBXBuildFile; fileRef = D239EAB91F12F1DF003C6BEC /* RatingView.swift */; };
		D239EABC1F12F1DF003C6BEC /* RatingView.xib in Resources */ = {isa = PBXBuildFile; fileRef = D239EABA1F12F1DF003C6BEC /* RatingView.xib */; };
		D26543241F18037300DF9012 /* Servicer.storyboard in Resources */ = {isa = PBXBuildFile; fileRef = D26543261F18037300DF9012 /* Servicer.storyboard */; };
		D265432B1F18047300DF9012 /* Favorites.storyboard in Resources */ = {isa = PBXBuildFile; fileRef = D265432D1F18047300DF9012 /* Favorites.storyboard */; };
		D26543301F18049B00DF9012 /* Budgets.storyboard in Resources */ = {isa = PBXBuildFile; fileRef = D26543321F18049B00DF9012 /* Budgets.storyboard */; };
		D281E6261F1021D9003B3DED /* Localizable.strings in Resources */ = {isa = PBXBuildFile; fileRef = D281E6281F1021D9003B3DED /* Localizable.strings */; };
		D281E62F1F1024AD003B3DED /* String.swift in Sources */ = {isa = PBXBuildFile; fileRef = D281E62E1F1024AD003B3DED /* String.swift */; };
		D281E6301F10270B003B3DED /* Search.storyboard in Resources */ = {isa = PBXBuildFile; fileRef = D281E6321F10270B003B3DED /* Search.storyboard */; };
		D290D9941F02E15F007B44D6 /* AppDelegate.swift in Sources */ = {isa = PBXBuildFile; fileRef = D290D9931F02E15F007B44D6 /* AppDelegate.swift */; };
		D290D9961F02E15F007B44D6 /* SearchController.swift in Sources */ = {isa = PBXBuildFile; fileRef = D290D9951F02E15F007B44D6 /* SearchController.swift */; };
		D290D9991F02E15F007B44D6 /* Main.storyboard in Resources */ = {isa = PBXBuildFile; fileRef = D290D9971F02E15F007B44D6 /* Main.storyboard */; };
		D290D99B1F02E15F007B44D6 /* Assets.xcassets in Resources */ = {isa = PBXBuildFile; fileRef = D290D99A1F02E15F007B44D6 /* Assets.xcassets */; };
		D290D99E1F02E15F007B44D6 /* LaunchScreen.storyboard in Resources */ = {isa = PBXBuildFile; fileRef = D290D99C1F02E15F007B44D6 /* LaunchScreen.storyboard */; };
		D290D9AD1F02E290007B44D6 /* Profile.storyboard in Resources */ = {isa = PBXBuildFile; fileRef = D290D9AC1F02E290007B44D6 /* Profile.storyboard */; };
		D290D9B01F02EA4F007B44D6 /* FavoritesController.swift in Sources */ = {isa = PBXBuildFile; fileRef = D290D9AF1F02EA4F007B44D6 /* FavoritesController.swift */; };
		D290D9B21F02EA7A007B44D6 /* BudgetsController.swift in Sources */ = {isa = PBXBuildFile; fileRef = D290D9B11F02EA7A007B44D6 /* BudgetsController.swift */; };
		D290D9B41F02EA9C007B44D6 /* ProfileController.swift in Sources */ = {isa = PBXBuildFile; fileRef = D290D9B31F02EA9C007B44D6 /* ProfileController.swift */; };
		D290D9B61F02F4D5007B44D6 /* Podfile in Resources */ = {isa = PBXBuildFile; fileRef = D290D9B51F02F4D5007B44D6 /* Podfile */; };
		D296002A1F0D7E3E00CDFB1B /* UIColor.swift in Sources */ = {isa = PBXBuildFile; fileRef = D29600291F0D7E3E00CDFB1B /* UIColor.swift */; };
		D2B2D4FA1F153C6800DDFB46 /* Model.xcdatamodeld in Sources */ = {isa = PBXBuildFile; fileRef = D2B2D4F81F153C6800DDFB46 /* Model.xcdatamodeld */; };
		D2B2D5091F15408800DDFB46 /* CoraDataManager.swift in Sources */ = {isa = PBXBuildFile; fileRef = D2B2D5081F15408800DDFB46 /* CoraDataManager.swift */; };
		D2B2D5111F155DE800DDFB46 /* FavoriteAccessLayer.swift in Sources */ = {isa = PBXBuildFile; fileRef = D2B2D5101F155DE800DDFB46 /* FavoriteAccessLayer.swift */; };
		D2B474F91F0F0FFC0058DDEA /* UIButton.swift in Sources */ = {isa = PBXBuildFile; fileRef = D2B474F81F0F0FFC0058DDEA /* UIButton.swift */; };
		D2B474FD1F0F187C0058DDEA /* Repository.swift in Sources */ = {isa = PBXBuildFile; fileRef = D2B474FC1F0F187C0058DDEA /* Repository.swift */; };
		D2B474FF1F0F3AC20058DDEA /* services.json in Resources */ = {isa = PBXBuildFile; fileRef = D2B474FE1F0F3AC20058DDEA /* services.json */; };
		D2EE5D1B1F0590D1008B86A1 /* ServicerRepository.swift in Sources */ = {isa = PBXBuildFile; fileRef = D2EE5D1A1F0590D1008B86A1 /* ServicerRepository.swift */; };
/* End PBXBuildFile section */

/* Begin PBXFileReference section */
		3FB283541F0EC86F007C614A /* ServicerController.swift */ = {isa = PBXFileReference; fileEncoding = 4; lastKnownFileType = sourcecode.swift; path = ServicerController.swift; sourceTree = "<group>"; };
		3FB283561F0ECCB5007C614A /* Filter.storyboard */ = {isa = PBXFileReference; fileEncoding = 4; lastKnownFileType = file.storyboard; path = Filter.storyboard; sourceTree = "<group>"; };
		3FFBA8FD1F154D7D005A315D /* NewBudget.storyboard */ = {isa = PBXFileReference; fileEncoding = 4; lastKnownFileType = file.storyboard; path = NewBudget.storyboard; sourceTree = "<group>"; };
		3FFBA8FF1F155D98005A315D /* NewBudgetViewController.swift */ = {isa = PBXFileReference; fileEncoding = 4; lastKnownFileType = sourcecode.swift; path = NewBudgetViewController.swift; sourceTree = "<group>"; };
		78DEBD75B1AAFE33A2CED470 /* Pods-LocalCommerce.release.xcconfig */ = {isa = PBXFileReference; includeInIndex = 1; lastKnownFileType = text.xcconfig; name = "Pods-LocalCommerce.release.xcconfig"; path = "Pods/Target Support Files/Pods-LocalCommerce/Pods-LocalCommerce.release.xcconfig"; sourceTree = "<group>"; };
		A91341B31F057E6B00B21EEA /* ServicerCollectionViewCell.swift */ = {isa = PBXFileReference; fileEncoding = 4; lastKnownFileType = sourcecode.swift; path = ServicerCollectionViewCell.swift; sourceTree = "<group>"; };
		A91341B51F0EAC1600B21EEA /* SearchFilterViewController.swift */ = {isa = PBXFileReference; fileEncoding = 4; lastKnownFileType = sourcecode.swift; path = SearchFilterViewController.swift; sourceTree = "<group>"; };
		A91341D81F16A91700B21EEA /* DistanceTableViewCell.swift */ = {isa = PBXFileReference; fileEncoding = 4; lastKnownFileType = sourcecode.swift; path = DistanceTableViewCell.swift; sourceTree = "<group>"; };
		A91341DA1F16A93B00B21EEA /* RatingTableViewCell.swift */ = {isa = PBXFileReference; fileEncoding = 4; lastKnownFileType = sourcecode.swift; path = RatingTableViewCell.swift; sourceTree = "<group>"; };
		A935D19D1F042D3000510B0A /* ServicerTableViewCell.swift */ = {isa = PBXFileReference; fileEncoding = 4; lastKnownFileType = sourcecode.swift; path = ServicerTableViewCell.swift; sourceTree = "<group>"; };
		A95316391F16B01E000CB0B3 /* CategoryFilterTableViewCell.swift */ = {isa = PBXFileReference; fileEncoding = 4; lastKnownFileType = sourcecode.swift; path = CategoryFilterTableViewCell.swift; sourceTree = "<group>"; };
		A953163B1F16B1A9000CB0B3 /* LocalTableViewCell.swift */ = {isa = PBXFileReference; fileEncoding = 4; lastKnownFileType = sourcecode.swift; path = LocalTableViewCell.swift; sourceTree = "<group>"; };
		A953163D1F1933FB000CB0B3 /* FilterCategory.storyboard */ = {isa = PBXFileReference; fileEncoding = 4; lastKnownFileType = file.storyboard; path = FilterCategory.storyboard; sourceTree = "<group>"; };
		A953163F1F193647000CB0B3 /* FilterCategoryViewController.swift */ = {isa = PBXFileReference; fileEncoding = 4; lastKnownFileType = sourcecode.swift; path = FilterCategoryViewController.swift; sourceTree = "<group>"; };
		D22409D91F0409E7006848A0 /* Servicer.swift */ = {isa = PBXFileReference; fileEncoding = 4; lastKnownFileType = sourcecode.swift; path = Servicer.swift; sourceTree = "<group>"; };
		D22409DB1F040BE6006848A0 /* User.swift */ = {isa = PBXFileReference; fileEncoding = 4; lastKnownFileType = sourcecode.swift; path = User.swift; sourceTree = "<group>"; };
		D22409DD1F040C34006848A0 /* Review.swift */ = {isa = PBXFileReference; fileEncoding = 4; lastKnownFileType = sourcecode.swift; path = Review.swift; sourceTree = "<group>"; };
		D22409DF1F040C64006848A0 /* Category.swift */ = {isa = PBXFileReference; fileEncoding = 4; lastKnownFileType = sourcecode.swift; path = Category.swift; sourceTree = "<group>"; };
		D22E77911F0AAB290009DD4E /* Budget.swift */ = {isa = PBXFileReference; fileEncoding = 4; lastKnownFileType = sourcecode.swift; path = Budget.swift; sourceTree = "<group>"; };
		D22E77931F0AAB980009DD4E /* EstablishmentServicer.swift */ = {isa = PBXFileReference; fileEncoding = 4; lastKnownFileType = sourcecode.swift; path = EstablishmentServicer.swift; sourceTree = "<group>"; };
		D22E77951F0AABE70009DD4E /* NonEstablishmentServicer.swift */ = {isa = PBXFileReference; fileEncoding = 4; lastKnownFileType = sourcecode.swift; path = NonEstablishmentServicer.swift; sourceTree = "<group>"; };
		D22E77971F0AB7110009DD4E /* Service.swift */ = {isa = PBXFileReference; fileEncoding = 4; lastKnownFileType = sourcecode.swift; path = Service.swift; sourceTree = "<group>"; };
		D22E77991F0AB8690009DD4E /* BudgetMessage.swift */ = {isa = PBXFileReference; fileEncoding = 4; lastKnownFileType = sourcecode.swift; path = BudgetMessage.swift; sourceTree = "<group>"; };
		D239EAB91F12F1DF003C6BEC /* RatingView.swift */ = {isa = PBXFileReference; fileEncoding = 4; lastKnownFileType = sourcecode.swift; path = RatingView.swift; sourceTree = "<group>"; };
		D239EABA1F12F1DF003C6BEC /* RatingView.xib */ = {isa = PBXFileReference; fileEncoding = 4; lastKnownFileType = file.xib; path = RatingView.xib; sourceTree = "<group>"; };
		D26543251F18037300DF9012 /* Base */ = {isa = PBXFileReference; lastKnownFileType = file.storyboard; name = Base; path = Base.lproj/Servicer.storyboard; sourceTree = "<group>"; };
		D26543281F18037800DF9012 /* pt-BR */ = {isa = PBXFileReference; lastKnownFileType = text.plist.strings; name = "pt-BR"; path = "pt-BR.lproj/Servicer.strings"; sourceTree = "<group>"; };
		D265432A1F18043400DF9012 /* pt-BR */ = {isa = PBXFileReference; lastKnownFileType = text.plist.strings; name = "pt-BR"; path = "pt-BR.lproj/Search.strings"; sourceTree = "<group>"; };
		D265432C1F18047300DF9012 /* Base */ = {isa = PBXFileReference; lastKnownFileType = file.storyboard; name = Base; path = Base.lproj/Favorites.storyboard; sourceTree = "<group>"; };
		D265432F1F18047600DF9012 /* pt-BR */ = {isa = PBXFileReference; lastKnownFileType = text.plist.strings; name = "pt-BR"; path = "pt-BR.lproj/Favorites.strings"; sourceTree = "<group>"; };
		D26543311F18049B00DF9012 /* Base */ = {isa = PBXFileReference; lastKnownFileType = file.storyboard; name = Base; path = Base.lproj/Budgets.storyboard; sourceTree = "<group>"; };
		D26543341F1804A600DF9012 /* pt-BR */ = {isa = PBXFileReference; lastKnownFileType = text.plist.strings; name = "pt-BR"; path = "pt-BR.lproj/Budgets.strings"; sourceTree = "<group>"; };
		D281E62B1F10227B003B3DED /* pt-BR */ = {isa = PBXFileReference; lastKnownFileType = text.plist.strings; name = "pt-BR"; path = "pt-BR.lproj/LaunchScreen.strings"; sourceTree = "<group>"; };
		D281E62D1F1022DF003B3DED /* pt-BR */ = {isa = PBXFileReference; lastKnownFileType = text.plist.strings; name = "pt-BR"; path = "pt-BR.lproj/Localizable.strings"; sourceTree = "<group>"; };
		D281E62E1F1024AD003B3DED /* String.swift */ = {isa = PBXFileReference; fileEncoding = 4; lastKnownFileType = sourcecode.swift; path = String.swift; sourceTree = "<group>"; };
		D281E6311F10270B003B3DED /* Base */ = {isa = PBXFileReference; lastKnownFileType = file.storyboard; name = Base; path = Base.lproj/Search.storyboard; sourceTree = "<group>"; };
		D281E6391F102958003B3DED /* Base */ = {isa = PBXFileReference; lastKnownFileType = text.plist.strings; name = Base; path = Base.lproj/Localizable.strings; sourceTree = "<group>"; };
		D290D9901F02E15F007B44D6 /* LocalCommerce.app */ = {isa = PBXFileReference; explicitFileType = wrapper.application; includeInIndex = 0; path = LocalCommerce.app; sourceTree = BUILT_PRODUCTS_DIR; };
		D290D9931F02E15F007B44D6 /* AppDelegate.swift */ = {isa = PBXFileReference; lastKnownFileType = sourcecode.swift; path = AppDelegate.swift; sourceTree = "<group>"; };
		D290D9951F02E15F007B44D6 /* SearchController.swift */ = {isa = PBXFileReference; lastKnownFileType = sourcecode.swift; path = SearchController.swift; sourceTree = "<group>"; };
		D290D9981F02E15F007B44D6 /* Base */ = {isa = PBXFileReference; lastKnownFileType = file.storyboard; name = Base; path = Base.lproj/Main.storyboard; sourceTree = "<group>"; };
		D290D99A1F02E15F007B44D6 /* Assets.xcassets */ = {isa = PBXFileReference; lastKnownFileType = folder.assetcatalog; path = Assets.xcassets; sourceTree = "<group>"; };
		D290D99D1F02E15F007B44D6 /* Base */ = {isa = PBXFileReference; lastKnownFileType = file.storyboard; name = Base; path = Base.lproj/LaunchScreen.storyboard; sourceTree = "<group>"; };
		D290D99F1F02E15F007B44D6 /* Info.plist */ = {isa = PBXFileReference; lastKnownFileType = text.plist.xml; path = Info.plist; sourceTree = "<group>"; };
		D290D9AC1F02E290007B44D6 /* Profile.storyboard */ = {isa = PBXFileReference; fileEncoding = 4; lastKnownFileType = file.storyboard; path = Profile.storyboard; sourceTree = "<group>"; };
		D290D9AF1F02EA4F007B44D6 /* FavoritesController.swift */ = {isa = PBXFileReference; fileEncoding = 4; lastKnownFileType = sourcecode.swift; path = FavoritesController.swift; sourceTree = "<group>"; };
		D290D9B11F02EA7A007B44D6 /* BudgetsController.swift */ = {isa = PBXFileReference; fileEncoding = 4; lastKnownFileType = sourcecode.swift; path = BudgetsController.swift; sourceTree = "<group>"; };
		D290D9B31F02EA9C007B44D6 /* ProfileController.swift */ = {isa = PBXFileReference; fileEncoding = 4; lastKnownFileType = sourcecode.swift; path = ProfileController.swift; sourceTree = "<group>"; };
		D290D9B51F02F4D5007B44D6 /* Podfile */ = {isa = PBXFileReference; fileEncoding = 4; lastKnownFileType = text; name = Podfile; path = ../Podfile; sourceTree = "<group>"; };
		D29600291F0D7E3E00CDFB1B /* UIColor.swift */ = {isa = PBXFileReference; fileEncoding = 4; lastKnownFileType = sourcecode.swift; path = UIColor.swift; sourceTree = "<group>"; };
		D2B2D4F91F153C6800DDFB46 /* Model.xcdatamodel */ = {isa = PBXFileReference; lastKnownFileType = wrapper.xcdatamodel; path = Model.xcdatamodel; sourceTree = "<group>"; };
		D2B2D5081F15408800DDFB46 /* CoraDataManager.swift */ = {isa = PBXFileReference; fileEncoding = 4; lastKnownFileType = sourcecode.swift; path = CoraDataManager.swift; sourceTree = "<group>"; };
		D2B2D5101F155DE800DDFB46 /* FavoriteAccessLayer.swift */ = {isa = PBXFileReference; fileEncoding = 4; lastKnownFileType = sourcecode.swift; path = FavoriteAccessLayer.swift; sourceTree = "<group>"; };
		D2B474F81F0F0FFC0058DDEA /* UIButton.swift */ = {isa = PBXFileReference; fileEncoding = 4; lastKnownFileType = sourcecode.swift; path = UIButton.swift; sourceTree = "<group>"; };
		D2B474FC1F0F187C0058DDEA /* Repository.swift */ = {isa = PBXFileReference; fileEncoding = 4; lastKnownFileType = sourcecode.swift; path = Repository.swift; sourceTree = "<group>"; };
		D2B474FE1F0F3AC20058DDEA /* services.json */ = {isa = PBXFileReference; fileEncoding = 4; lastKnownFileType = text.json; path = services.json; sourceTree = "<group>"; };
		D2EE5D1A1F0590D1008B86A1 /* ServicerRepository.swift */ = {isa = PBXFileReference; fileEncoding = 4; lastKnownFileType = sourcecode.swift; path = ServicerRepository.swift; sourceTree = "<group>"; };
		DDAECDFA06305EE598C75EFB /* libPods-LocalCommerce.a */ = {isa = PBXFileReference; explicitFileType = archive.ar; includeInIndex = 0; path = "libPods-LocalCommerce.a"; sourceTree = BUILT_PRODUCTS_DIR; };
		FCAC84DABA769EFCE96DDBA6 /* Pods-LocalCommerce.debug.xcconfig */ = {isa = PBXFileReference; includeInIndex = 1; lastKnownFileType = text.xcconfig; name = "Pods-LocalCommerce.debug.xcconfig"; path = "Pods/Target Support Files/Pods-LocalCommerce/Pods-LocalCommerce.debug.xcconfig"; sourceTree = "<group>"; };
/* End PBXFileReference section */

/* Begin PBXFrameworksBuildPhase section */
		D290D98D1F02E15F007B44D6 /* Frameworks */ = {
			isa = PBXFrameworksBuildPhase;
			buildActionMask = 2147483647;
			files = (
				2EF1AB1AD48FE469D0D69E7D /* libPods-LocalCommerce.a in Frameworks */,
			);
			runOnlyForDeploymentPostprocessing = 0;
		};
/* End PBXFrameworksBuildPhase section */

/* Begin PBXGroup section */
		A91341D71F16A8AA00B21EEA /* FilterCells */ = {
			isa = PBXGroup;
			children = (
				A91341D81F16A91700B21EEA /* DistanceTableViewCell.swift */,
				A95316391F16B01E000CB0B3 /* CategoryFilterTableViewCell.swift */,
				A953163B1F16B1A9000CB0B3 /* LocalTableViewCell.swift */,
				A91341DA1F16A93B00B21EEA /* RatingTableViewCell.swift */,
			);
			name = FilterCells;
			sourceTree = "<group>";
		};
		D033B23E36B395ADE8D76BDC /* Frameworks */ = {
			isa = PBXGroup;
			children = (
				DDAECDFA06305EE598C75EFB /* libPods-LocalCommerce.a */,
			);
			name = Frameworks;
			sourceTree = "<group>";
		};
		D22409D81F0409BE006848A0 /* Models */ = {
			isa = PBXGroup;
			children = (
				D2B2D4FB1F153D5800DDFB46 /* CoreData */,
				D22409D91F0409E7006848A0 /* Servicer.swift */,
				D22409DB1F040BE6006848A0 /* User.swift */,
				D22409DD1F040C34006848A0 /* Review.swift */,
				D22409DF1F040C64006848A0 /* Category.swift */,
				D22E77911F0AAB290009DD4E /* Budget.swift */,
				D22E77931F0AAB980009DD4E /* EstablishmentServicer.swift */,
				D22E77951F0AABE70009DD4E /* NonEstablishmentServicer.swift */,
				D22E77971F0AB7110009DD4E /* Service.swift */,
				D22E77991F0AB8690009DD4E /* BudgetMessage.swift */,
			);
			name = Models;
			sourceTree = "<group>";
		};
		D239EABD1F12F206003C6BEC /* Rating View */ = {
			isa = PBXGroup;
			children = (
				D239EAB91F12F1DF003C6BEC /* RatingView.swift */,
				D239EABA1F12F1DF003C6BEC /* RatingView.xib */,
			);
			name = "Rating View";
			sourceTree = "<group>";
		};
		D290D9871F02E15F007B44D6 = {
			isa = PBXGroup;
			children = (
				D290D9921F02E15F007B44D6 /* LocalCommerce */,
				D290D9911F02E15F007B44D6 /* Products */,
				EDCA49B77099A8D87B707598 /* Pods */,
				D033B23E36B395ADE8D76BDC /* Frameworks */,
			);
			sourceTree = "<group>";
		};
		D290D9911F02E15F007B44D6 /* Products */ = {
			isa = PBXGroup;
			children = (
				D290D9901F02E15F007B44D6 /* LocalCommerce.app */,
			);
			name = Products;
			sourceTree = "<group>";
		};
		D290D9921F02E15F007B44D6 /* LocalCommerce */ = {
			isa = PBXGroup;
			children = (
				D2EE5D191F0590B4008B86A1 /* Repositories */,
				D22409D81F0409BE006848A0 /* Models */,
				D290D9AE1F02E95C007B44D6 /* Controllers */,
				D290D9A91F02E250007B44D6 /* Views */,
				D290D9931F02E15F007B44D6 /* AppDelegate.swift */,
				D290D9B51F02F4D5007B44D6 /* Podfile */,
				D290D99A1F02E15F007B44D6 /* Assets.xcassets */,
				D290D99F1F02E15F007B44D6 /* Info.plist */,
				D281E6281F1021D9003B3DED /* Localizable.strings */,
			);
			path = LocalCommerce;
			sourceTree = "<group>";
		};
		D290D9A91F02E250007B44D6 /* Views */ = {
			isa = PBXGroup;
			children = (
				D2B474FA1F0F18470058DDEA /* Overrides */,
				D239EABD1F12F206003C6BEC /* Rating View */,
				D290D9971F02E15F007B44D6 /* Main.storyboard */,
				D281E6321F10270B003B3DED /* Search.storyboard */,
				D26543261F18037300DF9012 /* Servicer.storyboard */,
				D265432D1F18047300DF9012 /* Favorites.storyboard */,
				D26543321F18049B00DF9012 /* Budgets.storyboard */,
				3FFBA8FD1F154D7D005A315D /* NewBudget.storyboard */,
				D290D9AC1F02E290007B44D6 /* Profile.storyboard */,
				D290D99C1F02E15F007B44D6 /* LaunchScreen.storyboard */,
				3FB283561F0ECCB5007C614A /* Filter.storyboard */,
				A953163D1F1933FB000CB0B3 /* FilterCategory.storyboard */,
			);
			name = Views;
			sourceTree = "<group>";
		};
		D290D9AE1F02E95C007B44D6 /* Controllers */ = {
			isa = PBXGroup;
			children = (
				A91341D71F16A8AA00B21EEA /* FilterCells */,
				D290D9951F02E15F007B44D6 /* SearchController.swift */,
				A91341B51F0EAC1600B21EEA /* SearchFilterViewController.swift */,
				A953163F1F193647000CB0B3 /* FilterCategoryViewController.swift */,
				A91341B31F057E6B00B21EEA /* ServicerCollectionViewCell.swift */,
				D290D9AF1F02EA4F007B44D6 /* FavoritesController.swift */,
				A935D19D1F042D3000510B0A /* ServicerTableViewCell.swift */,
				D290D9B11F02EA7A007B44D6 /* BudgetsController.swift */,
				D290D9B31F02EA9C007B44D6 /* ProfileController.swift */,
				3FB283541F0EC86F007C614A /* ServicerController.swift */,
				3FFBA8FF1F155D98005A315D /* NewBudgetViewController.swift */,
			);
			name = Controllers;
			sourceTree = "<group>";
		};
		D2B2D4FB1F153D5800DDFB46 /* CoreData */ = {
			isa = PBXGroup;
			children = (
				D2B2D4F81F153C6800DDFB46 /* Model.xcdatamodeld */,
				D2B2D5081F15408800DDFB46 /* CoraDataManager.swift */,
			);
			name = CoreData;
			sourceTree = "<group>";
		};
		D2B474FA1F0F18470058DDEA /* Overrides */ = {
			isa = PBXGroup;
			children = (
				D29600291F0D7E3E00CDFB1B /* UIColor.swift */,
				D2B474F81F0F0FFC0058DDEA /* UIButton.swift */,
				D281E62E1F1024AD003B3DED /* String.swift */,
			);
			name = Overrides;
			sourceTree = "<group>";
		};
		D2EE5D191F0590B4008B86A1 /* Repositories */ = {
			isa = PBXGroup;
			children = (
				D2B474FE1F0F3AC20058DDEA /* services.json */,
				D2EE5D1A1F0590D1008B86A1 /* ServicerRepository.swift */,
				D2B474FC1F0F187C0058DDEA /* Repository.swift */,
				D2B2D5101F155DE800DDFB46 /* FavoriteAccessLayer.swift */,
			);
			name = Repositories;
			sourceTree = "<group>";
		};
		EDCA49B77099A8D87B707598 /* Pods */ = {
			isa = PBXGroup;
			children = (
				FCAC84DABA769EFCE96DDBA6 /* Pods-LocalCommerce.debug.xcconfig */,
				78DEBD75B1AAFE33A2CED470 /* Pods-LocalCommerce.release.xcconfig */,
			);
			name = Pods;
			sourceTree = "<group>";
		};
/* End PBXGroup section */

/* Begin PBXNativeTarget section */
		D290D98F1F02E15F007B44D6 /* LocalCommerce */ = {
			isa = PBXNativeTarget;
			buildConfigurationList = D290D9A21F02E15F007B44D6 /* Build configuration list for PBXNativeTarget "LocalCommerce" */;
			buildPhases = (
				E74B335F87C6D58B390BFDEB /* [CP] Check Pods Manifest.lock */,
				D290D98C1F02E15F007B44D6 /* Sources */,
				D290D98D1F02E15F007B44D6 /* Frameworks */,
				D290D98E1F02E15F007B44D6 /* Resources */,
				B8DD0F98750E9D2A0503C9D5 /* [CP] Embed Pods Frameworks */,
				5B88E966DB1E566DFE62506A /* [CP] Copy Pods Resources */,
			);
			buildRules = (
			);
			dependencies = (
			);
			name = LocalCommerce;
			productName = LocalCommerce;
			productReference = D290D9901F02E15F007B44D6 /* LocalCommerce.app */;
			productType = "com.apple.product-type.application";
		};
/* End PBXNativeTarget section */

/* Begin PBXProject section */
		D290D9881F02E15F007B44D6 /* Project object */ = {
			isa = PBXProject;
			attributes = {
				LastSwiftUpdateCheck = 0830;
				LastUpgradeCheck = 0830;
				ORGANIZATIONNAME = "Valmir Junior";
				TargetAttributes = {
					D290D98F1F02E15F007B44D6 = {
						CreatedOnToolsVersion = 8.3.3;
						ProvisioningStyle = Automatic;
					};
				};
			};
			buildConfigurationList = D290D98B1F02E15F007B44D6 /* Build configuration list for PBXProject "LocalCommerce" */;
			compatibilityVersion = "Xcode 3.2";
			developmentRegion = English;
			hasScannedForEncodings = 0;
			knownRegions = (
				en,
				Base,
				"pt-BR",
			);
			mainGroup = D290D9871F02E15F007B44D6;
			productRefGroup = D290D9911F02E15F007B44D6 /* Products */;
			projectDirPath = "";
			projectRoot = "";
			targets = (
				D290D98F1F02E15F007B44D6 /* LocalCommerce */,
			);
		};
/* End PBXProject section */

/* Begin PBXResourcesBuildPhase section */
		D290D98E1F02E15F007B44D6 /* Resources */ = {
			isa = PBXResourcesBuildPhase;
			buildActionMask = 2147483647;
			files = (
				D290D99E1F02E15F007B44D6 /* LaunchScreen.storyboard in Resources */,
				D281E6261F1021D9003B3DED /* Localizable.strings in Resources */,
				D26543301F18049B00DF9012 /* Budgets.storyboard in Resources */,
				3FB283571F0ECCB5007C614A /* Filter.storyboard in Resources */,
				3FFBA8FE1F154D7D005A315D /* NewBudget.storyboard in Resources */,
				A953163E1F1933FB000CB0B3 /* FilterCategory.storyboard in Resources */,
				D26543241F18037300DF9012 /* Servicer.storyboard in Resources */,
				D290D9B61F02F4D5007B44D6 /* Podfile in Resources */,
				D2B474FF1F0F3AC20058DDEA /* services.json in Resources */,
				D290D99B1F02E15F007B44D6 /* Assets.xcassets in Resources */,
				D281E6301F10270B003B3DED /* Search.storyboard in Resources */,
				D239EABC1F12F1DF003C6BEC /* RatingView.xib in Resources */,
				D290D9991F02E15F007B44D6 /* Main.storyboard in Resources */,
				D290D9AD1F02E290007B44D6 /* Profile.storyboard in Resources */,
				D265432B1F18047300DF9012 /* Favorites.storyboard in Resources */,
			);
			runOnlyForDeploymentPostprocessing = 0;
		};
/* End PBXResourcesBuildPhase section */

/* Begin PBXShellScriptBuildPhase section */
		5B88E966DB1E566DFE62506A /* [CP] Copy Pods Resources */ = {
			isa = PBXShellScriptBuildPhase;
			buildActionMask = 2147483647;
			files = (
			);
			inputPaths = (
			);
			name = "[CP] Copy Pods Resources";
			outputPaths = (
			);
			runOnlyForDeploymentPostprocessing = 0;
			shellPath = /bin/sh;
			shellScript = "\"${SRCROOT}/Pods/Target Support Files/Pods-LocalCommerce/Pods-LocalCommerce-resources.sh\"\n";
			showEnvVarsInLog = 0;
		};
		B8DD0F98750E9D2A0503C9D5 /* [CP] Embed Pods Frameworks */ = {
			isa = PBXShellScriptBuildPhase;
			buildActionMask = 2147483647;
			files = (
			);
			inputPaths = (
			);
			name = "[CP] Embed Pods Frameworks";
			outputPaths = (
			);
			runOnlyForDeploymentPostprocessing = 0;
			shellPath = /bin/sh;
			shellScript = "\"${SRCROOT}/Pods/Target Support Files/Pods-LocalCommerce/Pods-LocalCommerce-frameworks.sh\"\n";
			showEnvVarsInLog = 0;
		};
		E74B335F87C6D58B390BFDEB /* [CP] Check Pods Manifest.lock */ = {
			isa = PBXShellScriptBuildPhase;
			buildActionMask = 2147483647;
			files = (
			);
			inputPaths = (
			);
			name = "[CP] Check Pods Manifest.lock";
			outputPaths = (
			);
			runOnlyForDeploymentPostprocessing = 0;
			shellPath = /bin/sh;
			shellScript = "diff \"${PODS_PODFILE_DIR_PATH}/Podfile.lock\" \"${PODS_ROOT}/Manifest.lock\" > /dev/null\nif [ $? != 0 ] ; then\n    # print error to STDERR\n    echo \"error: The sandbox is not in sync with the Podfile.lock. Run 'pod install' or update your CocoaPods installation.\" >&2\n    exit 1\nfi\n";
			showEnvVarsInLog = 0;
		};
/* End PBXShellScriptBuildPhase section */

/* Begin PBXSourcesBuildPhase section */
		D290D98C1F02E15F007B44D6 /* Sources */ = {
			isa = PBXSourcesBuildPhase;
			buildActionMask = 2147483647;
			files = (
				A91341B41F057E6B00B21EEA /* ServicerCollectionViewCell.swift in Sources */,
				A953163C1F16B1A9000CB0B3 /* LocalTableViewCell.swift in Sources */,
				A91341B61F0EAC1600B21EEA /* SearchFilterViewController.swift in Sources */,
				A91341DB1F16A93B00B21EEA /* RatingTableViewCell.swift in Sources */,
				D2EE5D1B1F0590D1008B86A1 /* ServicerRepository.swift in Sources */,
				D2B2D5111F155DE800DDFB46 /* FavoriteAccessLayer.swift in Sources */,
				D290D9B41F02EA9C007B44D6 /* ProfileController.swift in Sources */,
				D22409DE1F040C34006848A0 /* Review.swift in Sources */,
				D22E779A1F0AB8690009DD4E /* BudgetMessage.swift in Sources */,
				D281E62F1F1024AD003B3DED /* String.swift in Sources */,
				D290D9B21F02EA7A007B44D6 /* BudgetsController.swift in Sources */,
				D239EABB1F12F1DF003C6BEC /* RatingView.swift in Sources */,
				D2B2D5091F15408800DDFB46 /* CoraDataManager.swift in Sources */,
				D22409DA1F0409E7006848A0 /* Servicer.swift in Sources */,
				D290D9B01F02EA4F007B44D6 /* FavoritesController.swift in Sources */,
				D2B2D4FA1F153C6800DDFB46 /* Model.xcdatamodeld in Sources */,
				D2B474FD1F0F187C0058DDEA /* Repository.swift in Sources */,
				D22E77921F0AAB290009DD4E /* Budget.swift in Sources */,
				D22E77941F0AAB980009DD4E /* EstablishmentServicer.swift in Sources */,
				A953163A1F16B01E000CB0B3 /* CategoryFilterTableViewCell.swift in Sources */,
				D22E77981F0AB7110009DD4E /* Service.swift in Sources */,
				D22409E01F040C64006848A0 /* Category.swift in Sources */,
				D290D9961F02E15F007B44D6 /* SearchController.swift in Sources */,
				A95316401F193647000CB0B3 /* FilterCategoryViewController.swift in Sources */,
				D296002A1F0D7E3E00CDFB1B /* UIColor.swift in Sources */,
				A91341D91F16A91700B21EEA /* DistanceTableViewCell.swift in Sources */,
				A935D19E1F042D3000510B0A /* ServicerTableViewCell.swift in Sources */,
				3FFBA9001F155D98005A315D /* NewBudgetViewController.swift in Sources */,
				3FB283551F0EC86F007C614A /* ServicerController.swift in Sources */,
				D290D9941F02E15F007B44D6 /* AppDelegate.swift in Sources */,
				D2B474F91F0F0FFC0058DDEA /* UIButton.swift in Sources */,
				D22409DC1F040BE6006848A0 /* User.swift in Sources */,
				D22E77961F0AABE70009DD4E /* NonEstablishmentServicer.swift in Sources */,
			);
			runOnlyForDeploymentPostprocessing = 0;
		};
/* End PBXSourcesBuildPhase section */

/* Begin PBXVariantGroup section */
		D26543261F18037300DF9012 /* Servicer.storyboard */ = {
			isa = PBXVariantGroup;
			children = (
				D26543251F18037300DF9012 /* Base */,
				D26543281F18037800DF9012 /* pt-BR */,
			);
			name = Servicer.storyboard;
			sourceTree = "<group>";
		};
		D265432D1F18047300DF9012 /* Favorites.storyboard */ = {
			isa = PBXVariantGroup;
			children = (
				D265432C1F18047300DF9012 /* Base */,
				D265432F1F18047600DF9012 /* pt-BR */,
			);
			name = Favorites.storyboard;
			sourceTree = "<group>";
		};
		D26543321F18049B00DF9012 /* Budgets.storyboard */ = {
			isa = PBXVariantGroup;
			children = (
				D26543311F18049B00DF9012 /* Base */,
				D26543341F1804A600DF9012 /* pt-BR */,
			);
			name = Budgets.storyboard;
			sourceTree = "<group>";
		};
		D281E6281F1021D9003B3DED /* Localizable.strings */ = {
			isa = PBXVariantGroup;
			children = (
				D281E62D1F1022DF003B3DED /* pt-BR */,
				D281E6391F102958003B3DED /* Base */,
			);
			name = Localizable.strings;
			sourceTree = "<group>";
		};
		D281E6321F10270B003B3DED /* Search.storyboard */ = {
			isa = PBXVariantGroup;
			children = (
				D281E6311F10270B003B3DED /* Base */,
				D265432A1F18043400DF9012 /* pt-BR */,
			);
			name = Search.storyboard;
			path = ../LocalCommerce;
			sourceTree = "<group>";
		};
		D290D9971F02E15F007B44D6 /* Main.storyboard */ = {
			isa = PBXVariantGroup;
			children = (
				D290D9981F02E15F007B44D6 /* Base */,
			);
			name = Main.storyboard;
			sourceTree = "<group>";
		};
		D290D99C1F02E15F007B44D6 /* LaunchScreen.storyboard */ = {
			isa = PBXVariantGroup;
			children = (
				D290D99D1F02E15F007B44D6 /* Base */,
				D281E62B1F10227B003B3DED /* pt-BR */,
			);
			name = LaunchScreen.storyboard;
			sourceTree = "<group>";
		};
/* End PBXVariantGroup section */

/* Begin XCBuildConfiguration section */
		D290D9A01F02E15F007B44D6 /* Debug */ = {
			isa = XCBuildConfiguration;
			buildSettings = {
				ALWAYS_SEARCH_USER_PATHS = NO;
				CLANG_ANALYZER_LOCALIZABILITY_NONLOCALIZED = YES;
				CLANG_ANALYZER_NONNULL = YES;
				CLANG_ANALYZER_NUMBER_OBJECT_CONVERSION = YES_AGGRESSIVE;
				CLANG_CXX_LANGUAGE_STANDARD = "gnu++0x";
				CLANG_CXX_LIBRARY = "libc++";
				CLANG_ENABLE_MODULES = YES;
				CLANG_ENABLE_OBJC_ARC = YES;
				CLANG_WARN_BOOL_CONVERSION = YES;
				CLANG_WARN_CONSTANT_CONVERSION = YES;
				CLANG_WARN_DIRECT_OBJC_ISA_USAGE = YES_ERROR;
				CLANG_WARN_DOCUMENTATION_COMMENTS = YES;
				CLANG_WARN_EMPTY_BODY = YES;
				CLANG_WARN_ENUM_CONVERSION = YES;
				CLANG_WARN_INFINITE_RECURSION = YES;
				CLANG_WARN_INT_CONVERSION = YES;
				CLANG_WARN_OBJC_ROOT_CLASS = YES_ERROR;
				CLANG_WARN_SUSPICIOUS_MOVE = YES;
				CLANG_WARN_UNREACHABLE_CODE = YES;
				CLANG_WARN__DUPLICATE_METHOD_MATCH = YES;
				"CODE_SIGN_IDENTITY[sdk=iphoneos*]" = "iPhone Developer";
				COPY_PHASE_STRIP = NO;
				DEBUG_INFORMATION_FORMAT = dwarf;
				ENABLE_STRICT_OBJC_MSGSEND = YES;
				ENABLE_TESTABILITY = YES;
				GCC_C_LANGUAGE_STANDARD = gnu99;
				GCC_DYNAMIC_NO_PIC = NO;
				GCC_NO_COMMON_BLOCKS = YES;
				GCC_OPTIMIZATION_LEVEL = 0;
				GCC_PREPROCESSOR_DEFINITIONS = (
					"DEBUG=1",
					"$(inherited)",
				);
				GCC_WARN_64_TO_32_BIT_CONVERSION = YES;
				GCC_WARN_ABOUT_RETURN_TYPE = YES_ERROR;
				GCC_WARN_UNDECLARED_SELECTOR = YES;
				GCC_WARN_UNINITIALIZED_AUTOS = YES_AGGRESSIVE;
				GCC_WARN_UNUSED_FUNCTION = YES;
				GCC_WARN_UNUSED_VARIABLE = YES;
				IPHONEOS_DEPLOYMENT_TARGET = 10.3;
				MTL_ENABLE_DEBUG_INFO = YES;
				ONLY_ACTIVE_ARCH = YES;
				SDKROOT = iphoneos;
				SWIFT_ACTIVE_COMPILATION_CONDITIONS = DEBUG;
				SWIFT_OPTIMIZATION_LEVEL = "-Onone";
				TARGETED_DEVICE_FAMILY = "1,2";
			};
			name = Debug;
		};
		D290D9A11F02E15F007B44D6 /* Release */ = {
			isa = XCBuildConfiguration;
			buildSettings = {
				ALWAYS_SEARCH_USER_PATHS = NO;
				CLANG_ANALYZER_LOCALIZABILITY_NONLOCALIZED = YES;
				CLANG_ANALYZER_NONNULL = YES;
				CLANG_ANALYZER_NUMBER_OBJECT_CONVERSION = YES_AGGRESSIVE;
				CLANG_CXX_LANGUAGE_STANDARD = "gnu++0x";
				CLANG_CXX_LIBRARY = "libc++";
				CLANG_ENABLE_MODULES = YES;
				CLANG_ENABLE_OBJC_ARC = YES;
				CLANG_WARN_BOOL_CONVERSION = YES;
				CLANG_WARN_CONSTANT_CONVERSION = YES;
				CLANG_WARN_DIRECT_OBJC_ISA_USAGE = YES_ERROR;
				CLANG_WARN_DOCUMENTATION_COMMENTS = YES;
				CLANG_WARN_EMPTY_BODY = YES;
				CLANG_WARN_ENUM_CONVERSION = YES;
				CLANG_WARN_INFINITE_RECURSION = YES;
				CLANG_WARN_INT_CONVERSION = YES;
				CLANG_WARN_OBJC_ROOT_CLASS = YES_ERROR;
				CLANG_WARN_SUSPICIOUS_MOVE = YES;
				CLANG_WARN_UNREACHABLE_CODE = YES;
				CLANG_WARN__DUPLICATE_METHOD_MATCH = YES;
				"CODE_SIGN_IDENTITY[sdk=iphoneos*]" = "iPhone Developer";
				COPY_PHASE_STRIP = NO;
				DEBUG_INFORMATION_FORMAT = "dwarf-with-dsym";
				ENABLE_NS_ASSERTIONS = NO;
				ENABLE_STRICT_OBJC_MSGSEND = YES;
				GCC_C_LANGUAGE_STANDARD = gnu99;
				GCC_NO_COMMON_BLOCKS = YES;
				GCC_WARN_64_TO_32_BIT_CONVERSION = YES;
				GCC_WARN_ABOUT_RETURN_TYPE = YES_ERROR;
				GCC_WARN_UNDECLARED_SELECTOR = YES;
				GCC_WARN_UNINITIALIZED_AUTOS = YES_AGGRESSIVE;
				GCC_WARN_UNUSED_FUNCTION = YES;
				GCC_WARN_UNUSED_VARIABLE = YES;
				IPHONEOS_DEPLOYMENT_TARGET = 10.3;
				MTL_ENABLE_DEBUG_INFO = NO;
				SDKROOT = iphoneos;
				SWIFT_OPTIMIZATION_LEVEL = "-Owholemodule";
				TARGETED_DEVICE_FAMILY = "1,2";
				VALIDATE_PRODUCT = YES;
			};
			name = Release;
		};
		D290D9A31F02E15F007B44D6 /* Debug */ = {
			isa = XCBuildConfiguration;
			baseConfigurationReference = FCAC84DABA769EFCE96DDBA6 /* Pods-LocalCommerce.debug.xcconfig */;
			buildSettings = {
				ASSETCATALOG_COMPILER_APPICON_NAME = AppIcon;
				DEVELOPMENT_TEAM = "";
				INFOPLIST_FILE = LocalCommerce/Info.plist;
				LD_RUNPATH_SEARCH_PATHS = "$(inherited) @executable_path/Frameworks";
				PRODUCT_BUNDLE_IDENTIFIER = com.vrmassoni.LocalCommerce;
				PRODUCT_NAME = "$(TARGET_NAME)";
				SWIFT_VERSION = 3.0;
				TARGETED_DEVICE_FAMILY = "1,2";
			};
			name = Debug;
		};
		D290D9A41F02E15F007B44D6 /* Release */ = {
			isa = XCBuildConfiguration;
			baseConfigurationReference = 78DEBD75B1AAFE33A2CED470 /* Pods-LocalCommerce.release.xcconfig */;
			buildSettings = {
				ASSETCATALOG_COMPILER_APPICON_NAME = AppIcon;
				DEVELOPMENT_TEAM = "";
				INFOPLIST_FILE = LocalCommerce/Info.plist;
				LD_RUNPATH_SEARCH_PATHS = "$(inherited) @executable_path/Frameworks";
				PRODUCT_BUNDLE_IDENTIFIER = com.vrmassoni.LocalCommerce;
				PRODUCT_NAME = "$(TARGET_NAME)";
				SWIFT_VERSION = 3.0;
				TARGETED_DEVICE_FAMILY = "1,2";
			};
			name = Release;
		};
/* End XCBuildConfiguration section */

/* Begin XCConfigurationList section */
		D290D98B1F02E15F007B44D6 /* Build configuration list for PBXProject "LocalCommerce" */ = {
			isa = XCConfigurationList;
			buildConfigurations = (
				D290D9A01F02E15F007B44D6 /* Debug */,
				D290D9A11F02E15F007B44D6 /* Release */,
			);
			defaultConfigurationIsVisible = 0;
			defaultConfigurationName = Release;
		};
		D290D9A21F02E15F007B44D6 /* Build configuration list for PBXNativeTarget "LocalCommerce" */ = {
			isa = XCConfigurationList;
			buildConfigurations = (
				D290D9A31F02E15F007B44D6 /* Debug */,
				D290D9A41F02E15F007B44D6 /* Release */,
			);
			defaultConfigurationIsVisible = 0;
			defaultConfigurationName = Release;
		};
/* End XCConfigurationList section */

/* Begin XCVersionGroup section */
		D2B2D4F81F153C6800DDFB46 /* Model.xcdatamodeld */ = {
			isa = XCVersionGroup;
			children = (
				D2B2D4F91F153C6800DDFB46 /* Model.xcdatamodel */,
			);
			currentVersion = D2B2D4F91F153C6800DDFB46 /* Model.xcdatamodel */;
			name = Model.xcdatamodeld;
			path = ../Model.xcdatamodeld;
			sourceTree = "<group>";
			versionGroupType = wrapper.xcdatamodel;
		};
/* End XCVersionGroup section */
	};
	rootObject = D290D9881F02E15F007B44D6 /* Project object */;
}
